
Microsoft Visual Studio Solution File, Format Version 12.00
# Visual Studio 15
VisualStudioVersion = 15.0.27130.2026
MinimumVisualStudioVersion = 10.0.40219.1
Project("{FAE04EC0-301F-11D3-BF4B-00C04F79EFBC}") = "lab12", "lab12\lab12.csproj", "{67054606-F059-4EA4-8449-2C4539FC294D}"
EndProject
Global
	GlobalSection(SolutionConfigurationPlatforms) = preSolution
		Debug|Any CPU = Debug|Any CPU
		Release|Any CPU = Release|Any CPU
	EndGlobalSection
	GlobalSection(ProjectConfigurationPlatforms) = postSolution
		{67054606-F059-4EA4-8449-2C4539FC294D}.Debug|Any CPU.ActiveCfg = Debug|Any CPU
		{67054606-F059-4EA4-8449-2C4539FC294D}.Debug|Any CPU.Build.0 = Debug|Any CPU
		{67054606-F059-4EA4-8449-2C4539FC294D}.Release|Any CPU.ActiveCfg = Release|Any CPU
		{67054606-F059-4EA4-8449-2C4539FC294D}.Release|Any CPU.Build.0 = Release|Any CPU
	EndGlobalSection
	GlobalSection(SolutionProperties) = preSolution
		HideSolutionNode = FALSE
	EndGlobalSection
	GlobalSection(ExtensibilityGlobals) = postSolution
		SolutionGuid = {66675E6E-7A21-4F2C-9098-7E5B814929EE}
	EndGlobalSection
EndGlobal
